// !$*UTF8*$!
{
	archiveVersion = 1;
	classes = {
	};
	objectVersion = 46;
	objects = {

/* Begin PBXBuildFile section */
		B50EDB821625FEDF006C2B97 /* Foundation.framework in Frameworks */ = {isa = PBXBuildFile; fileRef = B50EDB811625FEDF006C2B97 /* Foundation.framework */; };
		B50EDB851625FEDF006C2B97 /* main.m in Sources */ = {isa = PBXBuildFile; fileRef = B50EDB841625FEDF006C2B97 /* main.m */; };
		B50EDB891625FEDF006C2B97 /* blackmagic_audio_sync_issue_demonstration.1 in CopyFiles */ = {isa = PBXBuildFile; fileRef = B50EDB881625FEDF006C2B97 /* blackmagic_audio_sync_issue_demonstration.1 */; };
		B50EDB9E16260657006C2B97 /* AVFoundation.framework in Frameworks */ = {isa = PBXBuildFile; fileRef = B50EDB9D16260657006C2B97 /* AVFoundation.framework */; };
		B50EDBA11626068B006C2B97 /* CoreMedia.framework in Frameworks */ = {isa = PBXBuildFile; fileRef = B50EDBA01626068B006C2B97 /* CoreMedia.framework */; };
		B50EDBA4162606FC006C2B97 /* RecordingDelegate.m in Sources */ = {isa = PBXBuildFile; fileRef = B50EDBA3162606FC006C2B97 /* RecordingDelegate.m */; };
/* End PBXBuildFile section */

/* Begin PBXCopyFilesBuildPhase section */
		B50EDB7B1625FEDF006C2B97 /* CopyFiles */ = {
			isa = PBXCopyFilesBuildPhase;
			buildActionMask = 2147483647;
			dstPath = /usr/share/man/man1/;
			dstSubfolderSpec = 0;
			files = (
				B50EDB891625FEDF006C2B97 /* blackmagic_audio_sync_issue_demonstration.1 in CopyFiles */,
			);
			runOnlyForDeploymentPostprocessing = 1;
		};
/* End PBXCopyFilesBuildPhase section */

/* Begin PBXFileReference section */
		B50EDB7D1625FEDF006C2B97 /* blackmagic audio sync issue demonstration */ = {isa = PBXFileReference; explicitFileType = "compiled.mach-o.executable"; includeInIndex = 0; path = "blackmagic audio sync issue demonstration"; sourceTree = BUILT_PRODUCTS_DIR; };
		B50EDB811625FEDF006C2B97 /* Foundation.framework */ = {isa = PBXFileReference; lastKnownFileType = wrapper.framework; name = Foundation.framework; path = System/Library/Frameworks/Foundation.framework; sourceTree = SDKROOT; };
		B50EDB841625FEDF006C2B97 /* main.m */ = {isa = PBXFileReference; lastKnownFileType = sourcecode.c.objc; path = main.m; sourceTree = "<group>"; };
		B50EDB871625FEDF006C2B97 /* blackmagic audio sync issue demonstration-Prefix.pch */ = {isa = PBXFileReference; lastKnownFileType = sourcecode.c.h; path = "blackmagic audio sync issue demonstration-Prefix.pch"; sourceTree = "<group>"; };
		B50EDB881625FEDF006C2B97 /* blackmagic_audio_sync_issue_demonstration.1 */ = {isa = PBXFileReference; lastKnownFileType = text.man; path = blackmagic_audio_sync_issue_demonstration.1; sourceTree = "<group>"; };
		B50EDB9D16260657006C2B97 /* AVFoundation.framework */ = {isa = PBXFileReference; lastKnownFileType = wrapper.framework; path = AVFoundation.framework; sourceTree = "<group>"; };
		B50EDBA01626068B006C2B97 /* CoreMedia.framework */ = {isa = PBXFileReference; lastKnownFileType = wrapper.framework; path = CoreMedia.framework; sourceTree = "<group>"; };
		B50EDBA2162606FC006C2B97 /* RecordingDelegate.h */ = {isa = PBXFileReference; fileEncoding = 4; lastKnownFileType = sourcecode.c.h; path = RecordingDelegate.h; sourceTree = "<group>"; };
		B50EDBA3162606FC006C2B97 /* RecordingDelegate.m */ = {isa = PBXFileReference; fileEncoding = 4; lastKnownFileType = sourcecode.c.objc; path = RecordingDelegate.m; sourceTree = "<group>"; };
/* End PBXFileReference section */

/* Begin PBXFrameworksBuildPhase section */
		B50EDB7A1625FEDF006C2B97 /* Frameworks */ = {
			isa = PBXFrameworksBuildPhase;
			buildActionMask = 2147483647;
			files = (
				B50EDB821625FEDF006C2B97 /* Foundation.framework in Frameworks */,
				B50EDB9E16260657006C2B97 /* AVFoundation.framework in Frameworks */,
				B50EDBA11626068B006C2B97 /* CoreMedia.framework in Frameworks */,
			);
			runOnlyForDeploymentPostprocessing = 0;
		};
/* End PBXFrameworksBuildPhase section */

/* Begin PBXGroup section */
		B50EDB721625FEDF006C2B97 = {
			isa = PBXGroup;
			children = (
				B50EDB831625FEDF006C2B97 /* blackmagic audio sync issue demonstration */,
				B50EDB801625FEDF006C2B97 /* Frameworks */,
				B50EDB7E1625FEDF006C2B97 /* Products */,
			);
			sourceTree = "<group>";
		};
		B50EDB7E1625FEDF006C2B97 /* Products */ = {
			isa = PBXGroup;
			children = (
				B50EDB7D1625FEDF006C2B97 /* blackmagic audio sync issue demonstration */,
			);
			name = Products;
			sourceTree = "<group>";
		};
		B50EDB801625FEDF006C2B97 /* Frameworks */ = {
			isa = PBXGroup;
			children = (
				B50EDBA01626068B006C2B97 /* CoreMedia.framework */,
				B50EDB9D16260657006C2B97 /* AVFoundation.framework */,
				B50EDB811625FEDF006C2B97 /* Foundation.framework */,
			);
			name = Frameworks;
			sourceTree = "<group>";
		};
		B50EDB831625FEDF006C2B97 /* blackmagic audio sync issue demonstration */ = {
			isa = PBXGroup;
			children = (
				B50EDB841625FEDF006C2B97 /* main.m */,
				B50EDB881625FEDF006C2B97 /* blackmagic_audio_sync_issue_demonstration.1 */,
				B50EDB861625FEDF006C2B97 /* Supporting Files */,
				B50EDBA2162606FC006C2B97 /* RecordingDelegate.h */,
				B50EDBA3162606FC006C2B97 /* RecordingDelegate.m */,
			);
			path = "blackmagic audio sync issue demonstration";
			sourceTree = "<group>";
		};
		B50EDB861625FEDF006C2B97 /* Supporting Files */ = {
			isa = PBXGroup;
			children = (
				B50EDB871625FEDF006C2B97 /* blackmagic audio sync issue demonstration-Prefix.pch */,
			);
			name = "Supporting Files";
			sourceTree = "<group>";
		};
/* End PBXGroup section */

/* Begin PBXNativeTarget section */
		B50EDB7C1625FEDF006C2B97 /* blackmagic audio sync issue demonstration */ = {
			isa = PBXNativeTarget;
			buildConfigurationList = B50EDB8C1625FEDF006C2B97 /* Build configuration list for PBXNativeTarget "blackmagic audio sync issue demonstration" */;
			buildPhases = (
				B50EDB791625FEDF006C2B97 /* Sources */,
				B50EDB7A1625FEDF006C2B97 /* Frameworks */,
				B50EDB7B1625FEDF006C2B97 /* CopyFiles */,
			);
			buildRules = (
			);
			dependencies = (
			);
			name = "blackmagic audio sync issue demonstration";
			productName = "blackmagic audio sync issue demonstration";
			productReference = B50EDB7D1625FEDF006C2B97 /* blackmagic audio sync issue demonstration */;
			productType = "com.apple.product-type.tool";
		};
/* End PBXNativeTarget section */

/* Begin PBXProject section */
		B50EDB741625FEDF006C2B97 /* Project object */ = {
			isa = PBXProject;
			attributes = {
				LastUpgradeCheck = 0440;
				ORGANIZATIONNAME = "Ben Lavender";
			};
			buildConfigurationList = B50EDB771625FEDF006C2B97 /* Build configuration list for PBXProject "blackmagic audio sync issue demonstration" */;
			compatibilityVersion = "Xcode 3.2";
			developmentRegion = English;
			hasScannedForEncodings = 0;
			knownRegions = (
				en,
			);
			mainGroup = B50EDB721625FEDF006C2B97;
			productRefGroup = B50EDB7E1625FEDF006C2B97 /* Products */;
			projectDirPath = "";
			projectRoot = "";
			targets = (
				B50EDB7C1625FEDF006C2B97 /* blackmagic audio sync issue demonstration */,
			);
		};
/* End PBXProject section */

/* Begin PBXSourcesBuildPhase section */
		B50EDB791625FEDF006C2B97 /* Sources */ = {
			isa = PBXSourcesBuildPhase;
			buildActionMask = 2147483647;
			files = (
				B50EDB851625FEDF006C2B97 /* main.m in Sources */,
				B50EDBA4162606FC006C2B97 /* RecordingDelegate.m in Sources */,
			);
			runOnlyForDeploymentPostprocessing = 0;
		};
/* End PBXSourcesBuildPhase section */

/* Begin XCBuildConfiguration section */
		B50EDB8A1625FEDF006C2B97 /* Debug */ = {
			isa = XCBuildConfiguration;
			buildSettings = {
				ALWAYS_SEARCH_USER_PATHS = NO;
				ARCHS = "$(ARCHS_STANDARD_64_BIT)";
				CLANG_CXX_LANGUAGE_STANDARD = "gnu++0x";
				CLANG_ENABLE_OBJC_ARC = NO;
				CLANG_WARN__DUPLICATE_METHOD_MATCH = YES;
				COPY_PHASE_STRIP = NO;
				GCC_C_LANGUAGE_STANDARD = gnu99;
				GCC_DYNAMIC_NO_PIC = NO;
				GCC_ENABLE_OBJC_EXCEPTIONS = YES;
				GCC_OPTIMIZATION_LEVEL = 0;
				GCC_PREPROCESSOR_DEFINITIONS = (
					"DEBUG=1",
					"$(inherited)",
				);
				GCC_SYMBOLS_PRIVATE_EXTERN = NO;
				GCC_WARN_64_TO_32_BIT_CONVERSION = YES;
				GCC_WARN_ABOUT_RETURN_TYPE = YES;
				GCC_WARN_UNINITIALIZED_AUTOS = YES;
				GCC_WARN_UNUSED_VARIABLE = YES;
				MACOSX_DEPLOYMENT_TARGET = 10.7;
				ONLY_ACTIVE_ARCH = YES;
				SDKROOT = macosx;
			};
			name = Debug;
		};
		B50EDB8B1625FEDF006C2B97 /* Release */ = {
			isa = XCBuildConfiguration;
			buildSettings = {
				ALWAYS_SEARCH_USER_PATHS = NO;
				ARCHS = "$(ARCHS_STANDARD_64_BIT)";
				CLANG_CXX_LANGUAGE_STANDARD = "gnu++0x";
				CLANG_ENABLE_OBJC_ARC = NO;
				CLANG_WARN__DUPLICATE_METHOD_MATCH = YES;
				COPY_PHASE_STRIP = YES;
				DEBUG_INFORMATION_FORMAT = "dwarf-with-dsym";
				GCC_C_LANGUAGE_STANDARD = gnu99;
				GCC_ENABLE_OBJC_EXCEPTIONS = YES;
				GCC_WARN_64_TO_32_BIT_CONVERSION = YES;
				GCC_WARN_ABOUT_RETURN_TYPE = YES;
				GCC_WARN_UNINITIALIZED_AUTOS = YES;
				GCC_WARN_UNUSED_VARIABLE = YES;
				MACOSX_DEPLOYMENT_TARGET = 10.7;
				SDKROOT = macosx;
			};
			name = Release;
		};
		B50EDB8D1625FEDF006C2B97 /* Debug */ = {
			isa = XCBuildConfiguration;
			buildSettings = {
				ARCHS = "$(ARCHS_STANDARD_32_64_BIT)";
				FRAMEWORK_SEARCH_PATHS = (
					"$(inherited)",
					"\"$(SRCROOT)\"",
				);
				GCC_PRECOMPILE_PREFIX_HEADER = YES;
				GCC_PREFIX_HEADER = "blackmagic audio sync issue demonstration/blackmagic audio sync issue demonstration-Prefix.pch";
				MACOSX_DEPLOYMENT_TARGET = 10.7;
				PRODUCT_NAME = "$(TARGET_NAME)";
			};
			name = Debug;
		};
		B50EDB8E1625FEDF006C2B97 /* Release */ = {
			isa = XCBuildConfiguration;
			buildSettings = {
				ARCHS = "$(ARCHS_STANDARD_32_64_BIT)";
				FRAMEWORK_SEARCH_PATHS = (
					"$(inherited)",
					"\"$(SRCROOT)\"",
				);
				GCC_PRECOMPILE_PREFIX_HEADER = YES;
				GCC_PREFIX_HEADER = "blackmagic audio sync issue demonstration/blackmagic audio sync issue demonstration-Prefix.pch";
				MACOSX_DEPLOYMENT_TARGET = 10.7;
				PRODUCT_NAME = "$(TARGET_NAME)";
			};
			name = Release;
		};
/* End XCBuildConfiguration section */

/* Begin XCConfigurationList section */
		B50EDB771625FEDF006C2B97 /* Build configuration list for PBXProject "blackmagic audio sync issue demonstration" */ = {
			isa = XCConfigurationList;
			buildConfigurations = (
				B50EDB8A1625FEDF006C2B97 /* Debug */,
				B50EDB8B1625FEDF006C2B97 /* Release */,
			);
			defaultConfigurationIsVisible = 0;
			defaultConfigurationName = Release;
		};
		B50EDB8C1625FEDF006C2B97 /* Build configuration list for PBXNativeTarget "blackmagic audio sync issue demonstration" */ = {
			isa = XCConfigurationList;
			buildConfigurations = (
				B50EDB8D1625FEDF006C2B97 /* Debug */,
				B50EDB8E1625FEDF006C2B97 /* Release */,
			);
			defaultConfigurationIsVisible = 0;
			defaultConfigurationName = Release;
		};
/* End XCConfigurationList section */
	};
	rootObject = B50EDB741625FEDF006C2B97 /* Project object */;
}
